
Microsoft Visual Studio Solution File, Format Version 12.00
# Visual Studio 15
VisualStudioVersion = 15.0.27703.2026
MinimumVisualStudioVersion = 10.0.40219.1
Project("{FAE04EC0-301F-11D3-BF4B-00C04F79EFBC}") = "Controllers", "Controller\Controllers.csproj", "{6F2BDDF1-B5BF-4EE1-8EF7-5C714A3F4B33}"
EndProject
Project("{FAE04EC0-301F-11D3-BF4B-00C04F79EFBC}") = "Modelos", "Modelos\Modelos.csproj", "{B59684DA-B303-4F56-93BA-731ADB01B64A}"
EndProject
Global
	GlobalSection(SolutionConfigurationPlatforms) = preSolution
		Debug|Any CPU = Debug|Any CPU
		Release|Any CPU = Release|Any CPU
	EndGlobalSection
	GlobalSection(ProjectConfigurationPlatforms) = postSolution
		{6F2BDDF1-B5BF-4EE1-8EF7-5C714A3F4B33}.Debug|Any CPU.ActiveCfg = Debug|Any CPU
		{6F2BDDF1-B5BF-4EE1-8EF7-5C714A3F4B33}.Debug|Any CPU.Build.0 = Debug|Any CPU
		{6F2BDDF1-B5BF-4EE1-8EF7-5C714A3F4B33}.Release|Any CPU.ActiveCfg = Release|Any CPU
		{6F2BDDF1-B5BF-4EE1-8EF7-5C714A3F4B33}.Release|Any CPU.Build.0 = Release|Any CPU
		{B59684DA-B303-4F56-93BA-731ADB01B64A}.Debug|Any CPU.ActiveCfg = Debug|Any CPU
		{B59684DA-B303-4F56-93BA-731ADB01B64A}.Debug|Any CPU.Build.0 = Debug|Any CPU
		{B59684DA-B303-4F56-93BA-731ADB01B64A}.Release|Any CPU.ActiveCfg = Release|Any CPU
		{B59684DA-B303-4F56-93BA-731ADB01B64A}.Release|Any CPU.Build.0 = Release|Any CPU
	EndGlobalSection
	GlobalSection(SolutionProperties) = preSolution
		HideSolutionNode = FALSE
	EndGlobalSection
	GlobalSection(ExtensibilityGlobals) = postSolution
		SolutionGuid = {226D2E25-489C-4A80-A337-7A3A37BAEC51}
	EndGlobalSection
EndGlobal
