
Microsoft Visual Studio Solution File, Format Version 12.00
# Visual Studio 15
VisualStudioVersion = 15.0.27703.2026
MinimumVisualStudioVersion = 10.0.40219.1
Project("{FAE04EC0-301F-11D3-BF4B-00C04F79EFBC}") = "Controllers", "Controller2\Controllers.csproj", "{EF359CA5-A394-4EBA-AD3E-9C359228766D}"
EndProject
Project("{FAE04EC0-301F-11D3-BF4B-00C04F79EFBC}") = "WpfView", "WpfView\WpfView.csproj", "{9DB9D86F-4E3C-45FD-B0CA-6211635F6176}"
EndProject
Project("{FAE04EC0-301F-11D3-BF4B-00C04F79EFBC}") = "Modelos01", "Modelos01\Modelos01.csproj", "{2A6AB3BF-F4B0-498F-9D64-C94DEB2141E3}"
EndProject
Global
	GlobalSection(SolutionConfigurationPlatforms) = preSolution
		Debug|Any CPU = Debug|Any CPU
		Release|Any CPU = Release|Any CPU
	EndGlobalSection
	GlobalSection(ProjectConfigurationPlatforms) = postSolution
		{EF359CA5-A394-4EBA-AD3E-9C359228766D}.Debug|Any CPU.ActiveCfg = Debug|Any CPU
		{EF359CA5-A394-4EBA-AD3E-9C359228766D}.Debug|Any CPU.Build.0 = Debug|Any CPU
		{EF359CA5-A394-4EBA-AD3E-9C359228766D}.Release|Any CPU.ActiveCfg = Release|Any CPU
		{EF359CA5-A394-4EBA-AD3E-9C359228766D}.Release|Any CPU.Build.0 = Release|Any CPU
		{9DB9D86F-4E3C-45FD-B0CA-6211635F6176}.Debug|Any CPU.ActiveCfg = Debug|Any CPU
		{9DB9D86F-4E3C-45FD-B0CA-6211635F6176}.Debug|Any CPU.Build.0 = Debug|Any CPU
		{9DB9D86F-4E3C-45FD-B0CA-6211635F6176}.Release|Any CPU.ActiveCfg = Release|Any CPU
		{9DB9D86F-4E3C-45FD-B0CA-6211635F6176}.Release|Any CPU.Build.0 = Release|Any CPU
		{2A6AB3BF-F4B0-498F-9D64-C94DEB2141E3}.Debug|Any CPU.ActiveCfg = Debug|Any CPU
		{2A6AB3BF-F4B0-498F-9D64-C94DEB2141E3}.Debug|Any CPU.Build.0 = Debug|Any CPU
		{2A6AB3BF-F4B0-498F-9D64-C94DEB2141E3}.Release|Any CPU.ActiveCfg = Release|Any CPU
		{2A6AB3BF-F4B0-498F-9D64-C94DEB2141E3}.Release|Any CPU.Build.0 = Release|Any CPU
	EndGlobalSection
	GlobalSection(SolutionProperties) = preSolution
		HideSolutionNode = FALSE
	EndGlobalSection
	GlobalSection(ExtensibilityGlobals) = postSolution
		SolutionGuid = {226D2E25-489C-4A80-A337-7A3A37BAEC51}
	EndGlobalSection
EndGlobal
